
Microsoft Visual Studio Solution File, Format Version 11.00
# Visual Studio 2010
Project("{FAE04EC0-301F-11D3-BF4B-00C04F79EFBC}") = "Assembly-CSharp", "Assembly-CSharp.csproj", "{909eea77-db60-1fba-9d8d-fc102add5659}"
EndProject
Project("{FAE04EC0-301F-11D3-BF4B-00C04F79EFBC}") = "Assembly-CSharp-Editor", "Assembly-CSharp-Editor.csproj", "{1ca3def8-9d16-efc5-5c0e-af169558900d}"
EndProject
Global
	GlobalSection(SolutionConfigurationPlatforms) = preSolution
		Debug|Any CPU = Debug|Any CPU
	EndGlobalSection
	GlobalSection(ProjectConfigurationPlatforms) = postSolution
		{909eea77-db60-1fba-9d8d-fc102add5659}.Debug|Any CPU.ActiveCfg = Debug|Any CPU
		{909eea77-db60-1fba-9d8d-fc102add5659}.Debug|Any CPU.Build.0 = Debug|Any CPU
		{1ca3def8-9d16-efc5-5c0e-af169558900d}.Debug|Any CPU.ActiveCfg = Debug|Any CPU
		{1ca3def8-9d16-efc5-5c0e-af169558900d}.Debug|Any CPU.Build.0 = Debug|Any CPU
	EndGlobalSection
	GlobalSection(SolutionProperties) = preSolution
		HideSolutionNode = FALSE
	EndGlobalSection
EndGlobal
